
Microsoft Visual Studio Solution File, Format Version 12.00
# Visual Studio Version 17
VisualStudioVersion = 17.13.35818.85 d17.13
MinimumVisualStudioVersion = 10.0.40219.1
Project("{FAE04EC0-301F-11D3-BF4B-00C04F79EFBC}") = "Projekt", "Projekt\Projekt.csproj", "{90596EDB-C6A0-4DD8-8CCC-D344C58EC041}"
EndProject
Global
	GlobalSection(SolutionConfigurationPlatforms) = preSolution
		Debug|Any CPU = Debug|Any CPU
		Release|Any CPU = Release|Any CPU
	EndGlobalSection
	GlobalSection(ProjectConfigurationPlatforms) = postSolution
		{90596EDB-C6A0-4DD8-8CCC-D344C58EC041}.Debug|Any CPU.ActiveCfg = Debug|Any CPU
		{90596EDB-C6A0-4DD8-8CCC-D344C58EC041}.Debug|Any CPU.Build.0 = Debug|Any CPU
		{90596EDB-C6A0-4DD8-8CCC-D344C58EC041}.Release|Any CPU.ActiveCfg = Release|Any CPU
		{90596EDB-C6A0-4DD8-8CCC-D344C58EC041}.Release|Any CPU.Build.0 = Release|Any CPU
	EndGlobalSection
	GlobalSection(SolutionProperties) = preSolution
		HideSolutionNode = FALSE
	EndGlobalSection
	GlobalSection(ExtensibilityGlobals) = postSolution
		SolutionGuid = {BFAA47EB-EF05-48DF-87D2-58D61AB60968}
	EndGlobalSection
EndGlobal
